
Microsoft Visual Studio Solution File, Format Version 12.00
# Visual Studio Version 16
VisualStudioVersion = 16.0.30611.23
MinimumVisualStudioVersion = 10.0.40219.1
Project("{FAE04EC0-301F-11D3-BF4B-00C04F79EFBC}") = "ProductSys", "ProductSys.csproj", "{C7DA0EFF-260E-4D88-9CC0-378976642AC4}"
EndProject
Global
	GlobalSection(SolutionConfigurationPlatforms) = preSolution
		Debug|Any CPU = Debug|Any CPU
		Release|Any CPU = Release|Any CPU
	EndGlobalSection
	GlobalSection(ProjectConfigurationPlatforms) = postSolution
		{C7DA0EFF-260E-4D88-9CC0-378976642AC4}.Debug|Any CPU.ActiveCfg = Debug|Any CPU
		{C7DA0EFF-260E-4D88-9CC0-378976642AC4}.Debug|Any CPU.Build.0 = Debug|Any CPU
		{C7DA0EFF-260E-4D88-9CC0-378976642AC4}.Release|Any CPU.ActiveCfg = Release|Any CPU
		{C7DA0EFF-260E-4D88-9CC0-378976642AC4}.Release|Any CPU.Build.0 = Release|Any CPU
	EndGlobalSection
	GlobalSection(SolutionProperties) = preSolution
		HideSolutionNode = FALSE
	EndGlobalSection
	GlobalSection(ExtensibilityGlobals) = postSolution
		SolutionGuid = {4A18F3A4-2637-471B-BDF1-04C1014252FC}
	EndGlobalSection
EndGlobal
