
Microsoft Visual Studio Solution File, Format Version 12.00
# Visual Studio Version 16
VisualStudioVersion = 16.0.30611.23
MinimumVisualStudioVersion = 10.0.40219.1
Project("{FAE04EC0-301F-11D3-BF4B-00C04F79EFBC}") = "PostSys", "PostSys.csproj", "{7F837ABA-A7C6-4199-B560-7C65E57E6B7F}"
EndProject
Global
	GlobalSection(SolutionConfigurationPlatforms) = preSolution
		Debug|Any CPU = Debug|Any CPU
		Release|Any CPU = Release|Any CPU
	EndGlobalSection
	GlobalSection(ProjectConfigurationPlatforms) = postSolution
		{7F837ABA-A7C6-4199-B560-7C65E57E6B7F}.Debug|Any CPU.ActiveCfg = Debug|Any CPU
		{7F837ABA-A7C6-4199-B560-7C65E57E6B7F}.Debug|Any CPU.Build.0 = Debug|Any CPU
		{7F837ABA-A7C6-4199-B560-7C65E57E6B7F}.Release|Any CPU.ActiveCfg = Release|Any CPU
		{7F837ABA-A7C6-4199-B560-7C65E57E6B7F}.Release|Any CPU.Build.0 = Release|Any CPU
	EndGlobalSection
	GlobalSection(SolutionProperties) = preSolution
		HideSolutionNode = FALSE
	EndGlobalSection
	GlobalSection(ExtensibilityGlobals) = postSolution
		SolutionGuid = {4CEACF73-2C2D-403F-B778-6C8B16ABCC99}
	EndGlobalSection
EndGlobal
