
Microsoft Visual Studio Solution File, Format Version 12.00
# Visual Studio Version 16
VisualStudioVersion = 16.0.30611.23
MinimumVisualStudioVersion = 10.0.40219.1
Project("{FAE04EC0-301F-11D3-BF4B-00C04F79EFBC}") = "MatchMaker", "MatchMaker.csproj", "{9197432C-C64D-45CA-A24E-FD62D277BB44}"
EndProject
Global
	GlobalSection(SolutionConfigurationPlatforms) = preSolution
		Debug|Any CPU = Debug|Any CPU
		Release|Any CPU = Release|Any CPU
	EndGlobalSection
	GlobalSection(ProjectConfigurationPlatforms) = postSolution
		{9197432C-C64D-45CA-A24E-FD62D277BB44}.Debug|Any CPU.ActiveCfg = Debug|Any CPU
		{9197432C-C64D-45CA-A24E-FD62D277BB44}.Debug|Any CPU.Build.0 = Debug|Any CPU
		{9197432C-C64D-45CA-A24E-FD62D277BB44}.Release|Any CPU.ActiveCfg = Release|Any CPU
		{9197432C-C64D-45CA-A24E-FD62D277BB44}.Release|Any CPU.Build.0 = Release|Any CPU
	EndGlobalSection
	GlobalSection(SolutionProperties) = preSolution
		HideSolutionNode = FALSE
	EndGlobalSection
	GlobalSection(ExtensibilityGlobals) = postSolution
		SolutionGuid = {58392085-5081-4E3E-B012-42B0FDA16D05}
	EndGlobalSection
EndGlobal
